
Microsoft Visual Studio Solution File, Format Version 12.00
# Visual Studio Version 17
VisualStudioVersion = 17.7.34024.191
MinimumVisualStudioVersion = 10.0.40219.1
Project("{9A19103F-16F7-4668-BE54-9A1E7A4F7556}") = "DemoApp.DataAccess", "DemoApp.DataAccess\DemoApp.DataAccess.csproj", "{D3BF7C35-F945-4DB9-8644-2766C2E2D8A4}"
EndProject
Project("{9A19103F-16F7-4668-BE54-9A1E7A4F7556}") = "DemoApp.Business", "DemoApp.Business\DemoApp.Business.csproj", "{67A38276-D84D-411E-A14A-F37F6B25463A}"
EndProject
Project("{FAE04EC0-301F-11D3-BF4B-00C04F79EFBC}") = "DemoApp.WebUI", "DemoApp.WebUI\DemoApp.WebUI.csproj", "{12094973-5D62-4DBB-8521-5021B08D6135}"
EndProject
Global
	GlobalSection(SolutionConfigurationPlatforms) = preSolution
		Debug|Any CPU = Debug|Any CPU
		Release|Any CPU = Release|Any CPU
	EndGlobalSection
	GlobalSection(ProjectConfigurationPlatforms) = postSolution
		{D3BF7C35-F945-4DB9-8644-2766C2E2D8A4}.Debug|Any CPU.ActiveCfg = Debug|Any CPU
		{D3BF7C35-F945-4DB9-8644-2766C2E2D8A4}.Debug|Any CPU.Build.0 = Debug|Any CPU
		{D3BF7C35-F945-4DB9-8644-2766C2E2D8A4}.Release|Any CPU.ActiveCfg = Release|Any CPU
		{D3BF7C35-F945-4DB9-8644-2766C2E2D8A4}.Release|Any CPU.Build.0 = Release|Any CPU
		{67A38276-D84D-411E-A14A-F37F6B25463A}.Debug|Any CPU.ActiveCfg = Debug|Any CPU
		{67A38276-D84D-411E-A14A-F37F6B25463A}.Debug|Any CPU.Build.0 = Debug|Any CPU
		{67A38276-D84D-411E-A14A-F37F6B25463A}.Release|Any CPU.ActiveCfg = Release|Any CPU
		{67A38276-D84D-411E-A14A-F37F6B25463A}.Release|Any CPU.Build.0 = Release|Any CPU
		{12094973-5D62-4DBB-8521-5021B08D6135}.Debug|Any CPU.ActiveCfg = Debug|Any CPU
		{12094973-5D62-4DBB-8521-5021B08D6135}.Debug|Any CPU.Build.0 = Debug|Any CPU
		{12094973-5D62-4DBB-8521-5021B08D6135}.Release|Any CPU.ActiveCfg = Release|Any CPU
		{12094973-5D62-4DBB-8521-5021B08D6135}.Release|Any CPU.Build.0 = Release|Any CPU
	EndGlobalSection
	GlobalSection(SolutionProperties) = preSolution
		HideSolutionNode = FALSE
	EndGlobalSection
	GlobalSection(ExtensibilityGlobals) = postSolution
		SolutionGuid = {B5C1F209-5D0F-4510-B7CB-A0F609E7ABBA}
	EndGlobalSection
EndGlobal
